// !$*UTF8*$!
{
	archiveVersion = 1;
	classes = {
	};
	objectVersion = 77;
	objects = {

/* Begin PBXContainerItemProxy section */
		7F5F025D2CFD8E9C008DE45D /* PBXContainerItemProxy */ = {
			isa = PBXContainerItemProxy;
			containerPortal = 7F5F023E2CFD8E9B008DE45D /* Project object */;
			proxyType = 1;
			remoteGlobalIDString = 7F5F02452CFD8E9B008DE45D;
			remoteInfo = githubDemo;
		};
		7F5F02672CFD8E9C008DE45D /* PBXContainerItemProxy */ = {
			isa = PBXContainerItemProxy;
			containerPortal = 7F5F023E2CFD8E9B008DE45D /* Project object */;
			proxyType = 1;
			remoteGlobalIDString = 7F5F02452CFD8E9B008DE45D;
			remoteInfo = githubDemo;
		};
/* End PBXContainerItemProxy section */

/* Begin PBXFileReference section */
		7F5F02462CFD8E9B008DE45D /* githubDemo.app */ = {isa = PBXFileReference; explicitFileType = wrapper.application; includeInIndex = 0; path = githubDemo.app; sourceTree = BUILT_PRODUCTS_DIR; };
		7F5F025C2CFD8E9C008DE45D /* githubDemoTests.xctest */ = {isa = PBXFileReference; explicitFileType = wrapper.cfbundle; includeInIndex = 0; path = githubDemoTests.xctest; sourceTree = BUILT_PRODUCTS_DIR; };
		7F5F02662CFD8E9C008DE45D /* githubDemoUITests.xctest */ = {isa = PBXFileReference; explicitFileType = wrapper.cfbundle; includeInIndex = 0; path = githubDemoUITests.xctest; sourceTree = BUILT_PRODUCTS_DIR; };
/* End PBXFileReference section */

/* Begin PBXFileSystemSynchronizedBuildFileExceptionSet section */
		7F5F026E2CFD8E9C008DE45D /* Exceptions for "githubDemo" folder in "githubDemo" target */ = {
			isa = PBXFileSystemSynchronizedBuildFileExceptionSet;
			membershipExceptions = (
				Info.plist,
			);
			target = 7F5F02452CFD8E9B008DE45D /* githubDemo */;
		};
/* End PBXFileSystemSynchronizedBuildFileExceptionSet section */

/* Begin PBXFileSystemSynchronizedRootGroup section */
		7F5F02482CFD8E9B008DE45D /* githubDemo */ = {
			isa = PBXFileSystemSynchronizedRootGroup;
			exceptions = (
				7F5F026E2CFD8E9C008DE45D /* Exceptions for "githubDemo" folder in "githubDemo" target */,
			);
			path = githubDemo;
			sourceTree = "<group>";
		};
		7F5F025F2CFD8E9C008DE45D /* githubDemoTests */ = {
			isa = PBXFileSystemSynchronizedRootGroup;
			path = githubDemoTests;
			sourceTree = "<group>";
		};
		7F5F02692CFD8E9C008DE45D /* githubDemoUITests */ = {
			isa = PBXFileSystemSynchronizedRootGroup;
			path = githubDemoUITests;
			sourceTree = "<group>";
		};
/* End PBXFileSystemSynchronizedRootGroup section */

/* Begin PBXFrameworksBuildPhase section */
		7F5F02432CFD8E9B008DE45D /* Frameworks */ = {
			isa = PBXFrameworksBuildPhase;
			buildActionMask = 2147483647;
			files = (
			);
			runOnlyForDeploymentPostprocessing = 0;
		};
		7F5F02592CFD8E9C008DE45D /* Frameworks */ = {
			isa = PBXFrameworksBuildPhase;
			buildActionMask = 2147483647;
			files = (
			);
			runOnlyForDeploymentPostprocessing = 0;
		};
		7F5F02632CFD8E9C008DE45D /* Frameworks */ = {
			isa = PBXFrameworksBuildPhase;
			buildActionMask = 2147483647;
			files = (
			);
			runOnlyForDeploymentPostprocessing = 0;
		};
/* End PBXFrameworksBuildPhase section */

/* Begin PBXGroup section */
		7F5F023D2CFD8E9B008DE45D = {
			isa = PBXGroup;
			children = (
				7F5F02482CFD8E9B008DE45D /* githubDemo */,
				7F5F025F2CFD8E9C008DE45D /* githubDemoTests */,
				7F5F02692CFD8E9C008DE45D /* githubDemoUITests */,
				7F5F02472CFD8E9B008DE45D /* Products */,
			);
			sourceTree = "<group>";
		};
		7F5F02472CFD8E9B008DE45D /* Products */ = {
			isa = PBXGroup;
			children = (
				7F5F02462CFD8E9B008DE45D /* githubDemo.app */,
				7F5F025C2CFD8E9C008DE45D /* githubDemoTests.xctest */,
				7F5F02662CFD8E9C008DE45D /* githubDemoUITests.xctest */,
			);
			name = Products;
			sourceTree = "<group>";
		};
/* End PBXGroup section */

/* Begin PBXNativeTarget section */
		7F5F02452CFD8E9B008DE45D /* githubDemo */ = {
			isa = PBXNativeTarget;
			buildConfigurationList = 7F5F026F2CFD8E9C008DE45D /* Build configuration list for PBXNativeTarget "githubDemo" */;
			buildPhases = (
				7F5F02422CFD8E9B008DE45D /* Sources */,
				7F5F02432CFD8E9B008DE45D /* Frameworks */,
				7F5F02442CFD8E9B008DE45D /* Resources */,
			);
			buildRules = (
			);
			dependencies = (
			);
			fileSystemSynchronizedGroups = (
				7F5F02482CFD8E9B008DE45D /* githubDemo */,
			);
			name = githubDemo;
			packageProductDependencies = (
			);
			productName = githubDemo;
			productReference = 7F5F02462CFD8E9B008DE45D /* githubDemo.app */;
			productType = "com.apple.product-type.application";
		};
		7F5F025B2CFD8E9C008DE45D /* githubDemoTests */ = {
			isa = PBXNativeTarget;
			buildConfigurationList = 7F5F02742CFD8E9C008DE45D /* Build configuration list for PBXNativeTarget "githubDemoTests" */;
			buildPhases = (
				7F5F02582CFD8E9C008DE45D /* Sources */,
				7F5F02592CFD8E9C008DE45D /* Frameworks */,
				7F5F025A2CFD8E9C008DE45D /* Resources */,
			);
			buildRules = (
			);
			dependencies = (
				7F5F025E2CFD8E9C008DE45D /* PBXTargetDependency */,
			);
			fileSystemSynchronizedGroups = (
				7F5F025F2CFD8E9C008DE45D /* githubDemoTests */,
			);
			name = githubDemoTests;
			packageProductDependencies = (
			);
			productName = githubDemoTests;
			productReference = 7F5F025C2CFD8E9C008DE45D /* githubDemoTests.xctest */;
			productType = "com.apple.product-type.bundle.unit-test";
		};
		7F5F02652CFD8E9C008DE45D /* githubDemoUITests */ = {
			isa = PBXNativeTarget;
			buildConfigurationList = 7F5F02772CFD8E9C008DE45D /* Build configuration list for PBXNativeTarget "githubDemoUITests" */;
			buildPhases = (
				7F5F02622CFD8E9C008DE45D /* Sources */,
				7F5F02632CFD8E9C008DE45D /* Frameworks */,
				7F5F02642CFD8E9C008DE45D /* Resources */,
			);
			buildRules = (
			);
			dependencies = (
				7F5F02682CFD8E9C008DE45D /* PBXTargetDependency */,
			);
			fileSystemSynchronizedGroups = (
				7F5F02692CFD8E9C008DE45D /* githubDemoUITests */,
			);
			name = githubDemoUITests;
			packageProductDependencies = (
			);
			productName = githubDemoUITests;
			productReference = 7F5F02662CFD8E9C008DE45D /* githubDemoUITests.xctest */;
			productType = "com.apple.product-type.bundle.ui-testing";
		};
/* End PBXNativeTarget section */

/* Begin PBXProject section */
		7F5F023E2CFD8E9B008DE45D /* Project object */ = {
			isa = PBXProject;
			attributes = {
				BuildIndependentTargetsInParallel = 1;
				LastSwiftUpdateCheck = 1600;
				LastUpgradeCheck = 1600;
				TargetAttributes = {
					7F5F02452CFD8E9B008DE45D = {
						CreatedOnToolsVersion = 16.0;
					};
					7F5F025B2CFD8E9C008DE45D = {
						CreatedOnToolsVersion = 16.0;
						TestTargetID = 7F5F02452CFD8E9B008DE45D;
					};
					7F5F02652CFD8E9C008DE45D = {
						CreatedOnToolsVersion = 16.0;
						TestTargetID = 7F5F02452CFD8E9B008DE45D;
					};
				};
			};
			buildConfigurationList = 7F5F02412CFD8E9B008DE45D /* Build configuration list for PBXProject "githubDemo" */;
			developmentRegion = en;
			hasScannedForEncodings = 0;
			knownRegions = (
				en,
				Base,
			);
			mainGroup = 7F5F023D2CFD8E9B008DE45D;
			minimizedProjectReferenceProxies = 1;
			preferredProjectObjectVersion = 77;
			productRefGroup = 7F5F02472CFD8E9B008DE45D /* Products */;
			projectDirPath = "";
			projectRoot = "";
			targets = (
				7F5F02452CFD8E9B008DE45D /* githubDemo */,
				7F5F025B2CFD8E9C008DE45D /* githubDemoTests */,
				7F5F02652CFD8E9C008DE45D /* githubDemoUITests */,
			);
		};
/* End PBXProject section */

/* Begin PBXResourcesBuildPhase section */
		7F5F02442CFD8E9B008DE45D /* Resources */ = {
			isa = PBXResourcesBuildPhase;
			buildActionMask = 2147483647;
			files = (
			);
			runOnlyForDeploymentPostprocessing = 0;
		};
		7F5F025A2CFD8E9C008DE45D /* Resources */ = {
			isa = PBXResourcesBuildPhase;
			buildActionMask = 2147483647;
			files = (
			);
			runOnlyForDeploymentPostprocessing = 0;
		};
		7F5F02642CFD8E9C008DE45D /* Resources */ = {
			isa = PBXResourcesBuildPhase;
			buildActionMask = 2147483647;
			files = (
			);
			runOnlyForDeploymentPostprocessing = 0;
		};
/* End PBXResourcesBuildPhase section */

/* Begin PBXSourcesBuildPhase section */
		7F5F02422CFD8E9B008DE45D /* Sources */ = {
			isa = PBXSourcesBuildPhase;
			buildActionMask = 2147483647;
			files = (
			);
			runOnlyForDeploymentPostprocessing = 0;
		};
		7F5F02582CFD8E9C008DE45D /* Sources */ = {
			isa = PBXSourcesBuildPhase;
			buildActionMask = 2147483647;
			files = (
			);
			runOnlyForDeploymentPostprocessing = 0;
		};
		7F5F02622CFD8E9C008DE45D /* Sources */ = {
			isa = PBXSourcesBuildPhase;
			buildActionMask = 2147483647;
			files = (
			);
			runOnlyForDeploymentPostprocessing = 0;
		};
/* End PBXSourcesBuildPhase section */

/* Begin PBXTargetDependency section */
		7F5F025E2CFD8E9C008DE45D /* PBXTargetDependency */ = {
			isa = PBXTargetDependency;
			target = 7F5F02452CFD8E9B008DE45D /* githubDemo */;
			targetProxy = 7F5F025D2CFD8E9C008DE45D /* PBXContainerItemProxy */;
		};
		7F5F02682CFD8E9C008DE45D /* PBXTargetDependency */ = {
			isa = PBXTargetDependency;
			target = 7F5F02452CFD8E9B008DE45D /* githubDemo */;
			targetProxy = 7F5F02672CFD8E9C008DE45D /* PBXContainerItemProxy */;
		};
/* End PBXTargetDependency section */

/* Begin XCBuildConfiguration section */
		7F5F02702CFD8E9C008DE45D /* Debug */ = {
			isa = XCBuildConfiguration;
			buildSettings = {
				ASSETCATALOG_COMPILER_APPICON_NAME = AppIcon;
				ASSETCATALOG_COMPILER_GLOBAL_ACCENT_COLOR_NAME = AccentColor;
				CODE_SIGN_STYLE = Automatic;
				CURRENT_PROJECT_VERSION = 1;
				GENERATE_INFOPLIST_FILE = YES;
				INFOPLIST_FILE = githubDemo/Info.plist;
				INFOPLIST_KEY_UIApplicationSupportsIndirectInputEvents = YES;
				INFOPLIST_KEY_UILaunchStoryboardName = LaunchScreen;
				INFOPLIST_KEY_UIMainStoryboardFile = Main;
				INFOPLIST_KEY_UISupportedInterfaceOrientations_iPad = "UIInterfaceOrientationPortrait UIInterfaceOrientationPortraitUpsideDown UIInterfaceOrientationLandscapeLeft UIInterfaceOrientationLandscapeRight";
				INFOPLIST_KEY_UISupportedInterfaceOrientations_iPhone = "UIInterfaceOrientationPortrait UIInterfaceOrientationLandscapeLeft UIInterfaceOrientationLandscapeRight";
				LD_RUNPATH_SEARCH_PATHS = (
					"$(inherited)",
					"@executable_path/Frameworks",
				);
				MARKETING_VERSION = 1.0;
				PRODUCT_BUNDLE_IDENTIFIER = gu.githubDemo;
				PRODUCT_NAME = "$(TARGET_NAME)";
				SWIFT_EMIT_LOC_STRINGS = YES;
				SWIFT_VERSION = 5.0;
				TARGETED_DEVICE_FAMILY = "1,2";
			};
			name = Debug;
		};
		7F5F02712CFD8E9C008DE45D /* Release */ = {
			isa = XCBuildConfiguration;
			buildSettings = {
				ASSETCATALOG_COMPILER_APPICON_NAME = AppIcon;
				ASSETCATALOG_COMPILER_GLOBAL_ACCENT_COLOR_NAME = AccentColor;
				CODE_SIGN_STYLE = Automatic;
				CURRENT_PROJECT_VERSION = 1;
				GENERATE_INFOPLIST_FILE = YES;
				INFOPLIST_FILE = githubDemo/Info.plist;
				INFOPLIST_KEY_UIApplicationSupportsIndirectInputEvents = YES;
				INFOPLIST_KEY_UILaunchStoryboardName = LaunchScreen;
				INFOPLIST_KEY_UIMainStoryboardFile = Main;
				INFOPLIST_KEY_UISupportedInterfaceOrientations_iPad = "UIInterfaceOrientationPortrait UIInterfaceOrientationPortraitUpsideDown UIInterfaceOrientationLandscapeLeft UIInterfaceOrientationLandscapeRight";
				INFOPLIST_KEY_UISupportedInterfaceOrientations_iPhone = "UIInterfaceOrientationPortrait UIInterfaceOrientationLandscapeLeft UIInterfaceOrientationLandscapeRight";
				LD_RUNPATH_SEARCH_PATHS = (
					"$(inherited)",
					"@executable_path/Frameworks",
				);
				MARKETING_VERSION = 1.0;
				PRODUCT_BUNDLE_IDENTIFIER = gu.githubDemo;
				PRODUCT_NAME = "$(TARGET_NAME)";
				SWIFT_EMIT_LOC_STRINGS = YES;
				SWIFT_VERSION = 5.0;
				TARGETED_DEVICE_FAMILY = "1,2";
			};
			name = Release;
		};
		7F5F02722CFD8E9C008DE45D /* Debug */ = {
			isa = XCBuildConfiguration;
			buildSettings = {
				ALWAYS_SEARCH_USER_PATHS = NO;
				ASSETCATALOG_COMPILER_GENERATE_SWIFT_ASSET_SYMBOL_EXTENSIONS = YES;
				CLANG_ANALYZER_NONNULL = YES;
				CLANG_ANALYZER_NUMBER_OBJECT_CONVERSION = YES_AGGRESSIVE;
				CLANG_CXX_LANGUAGE_STANDARD = "gnu++20";
				CLANG_ENABLE_MODULES = YES;
				CLANG_ENABLE_OBJC_ARC = YES;
				CLANG_ENABLE_OBJC_WEAK = YES;
				CLANG_WARN_BLOCK_CAPTURE_AUTORELEASING = YES;
				CLANG_WARN_BOOL_CONVERSION = YES;
				CLANG_WARN_COMMA = YES;
				CLANG_WARN_CONSTANT_CONVERSION = YES;
				CLANG_WARN_DEPRECATED_OBJC_IMPLEMENTATIONS = YES;
				CLANG_WARN_DIRECT_OBJC_ISA_USAGE = YES_ERROR;
				CLANG_WARN_DOCUMENTATION_COMMENTS = YES;
				CLANG_WARN_EMPTY_BODY = YES;
				CLANG_WARN_ENUM_CONVERSION = YES;
				CLANG_WARN_INFINITE_RECURSION = YES;
				CLANG_WARN_INT_CONVERSION = YES;
				CLANG_WARN_NON_LITERAL_NULL_CONVERSION = YES;
				CLANG_WARN_OBJC_IMPLICIT_RETAIN_SELF = YES;
				CLANG_WARN_OBJC_LITERAL_CONVERSION = YES;
				CLANG_WARN_OBJC_ROOT_CLASS = YES_ERROR;
				CLANG_WARN_QUOTED_INCLUDE_IN_FRAMEWORK_HEADER = YES;
				CLANG_WARN_RANGE_LOOP_ANALYSIS = YES;
				CLANG_WARN_STRICT_PROTOTYPES = YES;
				CLANG_WARN_SUSPICIOUS_MOVE = YES;
				CLANG_WARN_UNGUARDED_AVAILABILITY = YES_AGGRESSIVE;
				CLANG_WARN_UNREACHABLE_CODE = YES;
				CLANG_WARN__DUPLICATE_METHOD_MATCH = YES;
				COPY_PHASE_STRIP = NO;
				DEBUG_INFORMATION_FORMAT = dwarf;
				ENABLE_STRICT_OBJC_MSGSEND = YES;
				ENABLE_TESTABILITY = YES;
				ENABLE_USER_SCRIPT_SANDBOXING = YES;
				GCC_C_LANGUAGE_STANDARD = gnu17;
				GCC_DYNAMIC_NO_PIC = NO;
				GCC_NO_COMMON_BLOCKS = YES;
				GCC_OPTIMIZATION_LEVEL = 0;
				GCC_PREPROCESSOR_DEFINITIONS = (
					"DEBUG=1",
					"$(inherited)",
				);
				GCC_WARN_64_TO_32_BIT_CONVERSION = YES;
				GCC_WARN_ABOUT_RETURN_TYPE = YES_ERROR;
				GCC_WARN_UNDECLARED_SELECTOR = YES;
				GCC_WARN_UNINITIALIZED_AUTOS = YES_AGGRESSIVE;
				GCC_WARN_UNUSED_FUNCTION = YES;
				GCC_WARN_UNUSED_VARIABLE = YES;
				IPHONEOS_DEPLOYMENT_TARGET = 18.0;
				LOCALIZATION_PREFERS_STRING_CATALOGS = YES;
				MTL_ENABLE_DEBUG_INFO = INCLUDE_SOURCE;
				MTL_FAST_MATH = YES;
				ONLY_ACTIVE_ARCH = YES;
				SDKROOT = iphoneos;
				SWIFT_ACTIVE_COMPILATION_CONDITIONS = "DEBUG $(inherited)";
				SWIFT_OPTIMIZATION_LEVEL = "-Onone";
			};
			name = Debug;
		};
		7F5F02732CFD8E9C008DE45D /* Release */ = {
			isa = XCBuildConfiguration;
			buildSettings = {
				ALWAYS_SEARCH_USER_PATHS = NO;
				ASSETCATALOG_COMPILER_GENERATE_SWIFT_ASSET_SYMBOL_EXTENSIONS = YES;
				CLANG_ANALYZER_NONNULL = YES;
				CLANG_ANALYZER_NUMBER_OBJECT_CONVERSION = YES_AGGRESSIVE;
				CLANG_CXX_LANGUAGE_STANDARD = "gnu++20";
				CLANG_ENABLE_MODULES = YES;
				CLANG_ENABLE_OBJC_ARC = YES;
				CLANG_ENABLE_OBJC_WEAK = YES;
				CLANG_WARN_BLOCK_CAPTURE_AUTORELEASING = YES;
				CLANG_WARN_BOOL_CONVERSION = YES;
				CLANG_WARN_COMMA = YES;
				CLANG_WARN_CONSTANT_CONVERSION = YES;
				CLANG_WARN_DEPRECATED_OBJC_IMPLEMENTATIONS = YES;
				CLANG_WARN_DIRECT_OBJC_ISA_USAGE = YES_ERROR;
				CLANG_WARN_DOCUMENTATION_COMMENTS = YES;
				CLANG_WARN_EMPTY_BODY = YES;
				CLANG_WARN_ENUM_CONVERSION = YES;
				CLANG_WARN_INFINITE_RECURSION = YES;
				CLANG_WARN_INT_CONVERSION = YES;
				CLANG_WARN_NON_LITERAL_NULL_CONVERSION = YES;
				CLANG_WARN_OBJC_IMPLICIT_RETAIN_SELF = YES;
				CLANG_WARN_OBJC_LITERAL_CONVERSION = YES;
				CLANG_WARN_OBJC_ROOT_CLASS = YES_ERROR;
				CLANG_WARN_QUOTED_INCLUDE_IN_FRAMEWORK_HEADER = YES;
				CLANG_WARN_RANGE_LOOP_ANALYSIS = YES;
				CLANG_WARN_STRICT_PROTOTYPES = YES;
				CLANG_WARN_SUSPICIOUS_MOVE = YES;
				CLANG_WARN_UNGUARDED_AVAILABILITY = YES_AGGRESSIVE;
				CLANG_WARN_UNREACHABLE_CODE = YES;
				CLANG_WARN__DUPLICATE_METHOD_MATCH = YES;
				COPY_PHASE_STRIP = NO;
				DEBUG_INFORMATION_FORMAT = "dwarf-with-dsym";
				ENABLE_NS_ASSERTIONS = NO;
				ENABLE_STRICT_OBJC_MSGSEND = YES;
				ENABLE_USER_SCRIPT_SANDBOXING = YES;
				GCC_C_LANGUAGE_STANDARD = gnu17;
				GCC_NO_COMMON_BLOCKS = YES;
				GCC_WARN_64_TO_32_BIT_CONVERSION = YES;
				GCC_WARN_ABOUT_RETURN_TYPE = YES_ERROR;
				GCC_WARN_UNDECLARED_SELECTOR = YES;
				GCC_WARN_UNINITIALIZED_AUTOS = YES_AGGRESSIVE;
				GCC_WARN_UNUSED_FUNCTION = YES;
				GCC_WARN_UNUSED_VARIABLE = YES;
				IPHONEOS_DEPLOYMENT_TARGET = 18.0;
				LOCALIZATION_PREFERS_STRING_CATALOGS = YES;
				MTL_ENABLE_DEBUG_INFO = NO;
				MTL_FAST_MATH = YES;
				SDKROOT = iphoneos;
				SWIFT_COMPILATION_MODE = wholemodule;
				VALIDATE_PRODUCT = YES;
			};
			name = Release;
		};
		7F5F02752CFD8E9C008DE45D /* Debug */ = {
			isa = XCBuildConfiguration;
			buildSettings = {
				BUNDLE_LOADER = "$(TEST_HOST)";
				CODE_SIGN_STYLE = Automatic;
				CURRENT_PROJECT_VERSION = 1;
				GENERATE_INFOPLIST_FILE = YES;
				IPHONEOS_DEPLOYMENT_TARGET = 18.0;
				MARKETING_VERSION = 1.0;
				PRODUCT_BUNDLE_IDENTIFIER = gu.githubDemoTests;
				PRODUCT_NAME = "$(TARGET_NAME)";
				SWIFT_EMIT_LOC_STRINGS = NO;
				SWIFT_VERSION = 5.0;
				TARGETED_DEVICE_FAMILY = "1,2";
				TEST_HOST = "$(BUILT_PRODUCTS_DIR)/githubDemo.app/$(BUNDLE_EXECUTABLE_FOLDER_PATH)/githubDemo";
			};
			name = Debug;
		};
		7F5F02762CFD8E9C008DE45D /* Release */ = {
			isa = XCBuildConfiguration;
			buildSettings = {
				BUNDLE_LOADER = "$(TEST_HOST)";
				CODE_SIGN_STYLE = Automatic;
				CURRENT_PROJECT_VERSION = 1;
				GENERATE_INFOPLIST_FILE = YES;
				IPHONEOS_DEPLOYMENT_TARGET = 18.0;
				MARKETING_VERSION = 1.0;
				PRODUCT_BUNDLE_IDENTIFIER = gu.githubDemoTests;
				PRODUCT_NAME = "$(TARGET_NAME)";
				SWIFT_EMIT_LOC_STRINGS = NO;
				SWIFT_VERSION = 5.0;
				TARGETED_DEVICE_FAMILY = "1,2";
				TEST_HOST = "$(BUILT_PRODUCTS_DIR)/githubDemo.app/$(BUNDLE_EXECUTABLE_FOLDER_PATH)/githubDemo";
			};
			name = Release;
		};
		7F5F02782CFD8E9C008DE45D /* Debug */ = {
			isa = XCBuildConfiguration;
			buildSettings = {
				CODE_SIGN_STYLE = Automatic;
				CURRENT_PROJECT_VERSION = 1;
				GENERATE_INFOPLIST_FILE = YES;
				MARKETING_VERSION = 1.0;
				PRODUCT_BUNDLE_IDENTIFIER = gu.githubDemoUITests;
				PRODUCT_NAME = "$(TARGET_NAME)";
				SWIFT_EMIT_LOC_STRINGS = NO;
				SWIFT_VERSION = 5.0;
				TARGETED_DEVICE_FAMILY = "1,2";
				TEST_TARGET_NAME = githubDemo;
			};
			name = Debug;
		};
		7F5F02792CFD8E9C008DE45D /* Release */ = {
			isa = XCBuildConfiguration;
			buildSettings = {
				CODE_SIGN_STYLE = Automatic;
				CURRENT_PROJECT_VERSION = 1;
				GENERATE_INFOPLIST_FILE = YES;
				MARKETING_VERSION = 1.0;
				PRODUCT_BUNDLE_IDENTIFIER = gu.githubDemoUITests;
				PRODUCT_NAME = "$(TARGET_NAME)";
				SWIFT_EMIT_LOC_STRINGS = NO;
				SWIFT_VERSION = 5.0;
				TARGETED_DEVICE_FAMILY = "1,2";
				TEST_TARGET_NAME = githubDemo;
			};
			name = Release;
		};
/* End XCBuildConfiguration section */

/* Begin XCConfigurationList section */
		7F5F02412CFD8E9B008DE45D /* Build configuration list for PBXProject "githubDemo" */ = {
			isa = XCConfigurationList;
			buildConfigurations = (
				7F5F02722CFD8E9C008DE45D /* Debug */,
				7F5F02732CFD8E9C008DE45D /* Release */,
			);
			defaultConfigurationIsVisible = 0;
			defaultConfigurationName = Release;
		};
		7F5F026F2CFD8E9C008DE45D /* Build configuration list for PBXNativeTarget "githubDemo" */ = {
			isa = XCConfigurationList;
			buildConfigurations = (
				7F5F02702CFD8E9C008DE45D /* Debug */,
				7F5F02712CFD8E9C008DE45D /* Release */,
			);
			defaultConfigurationIsVisible = 0;
			defaultConfigurationName = Release;
		};
		7F5F02742CFD8E9C008DE45D /* Build configuration list for PBXNativeTarget "githubDemoTests" */ = {
			isa = XCConfigurationList;
			buildConfigurations = (
				7F5F02752CFD8E9C008DE45D /* Debug */,
				7F5F02762CFD8E9C008DE45D /* Release */,
			);
			defaultConfigurationIsVisible = 0;
			defaultConfigurationName = Release;
		};
		7F5F02772CFD8E9C008DE45D /* Build configuration list for PBXNativeTarget "githubDemoUITests" */ = {
			isa = XCConfigurationList;
			buildConfigurations = (
				7F5F02782CFD8E9C008DE45D /* Debug */,
				7F5F02792CFD8E9C008DE45D /* Release */,
			);
			defaultConfigurationIsVisible = 0;
			defaultConfigurationName = Release;
		};
/* End XCConfigurationList section */
	};
	rootObject = 7F5F023E2CFD8E9B008DE45D /* Project object */;
}
